
Microsoft Visual Studio Solution File, Format Version 12.00
# Visual Studio Version 17
VisualStudioVersion = 17.7.34221.43
MinimumVisualStudioVersion = 10.0.40219.1
Project("{FAE04EC0-301F-11D3-BF4B-00C04F79EFBC}") = "RandomNumberGenerator", "RandomNumberGenerator\RandomNumberGenerator.csproj", "{13A18C6D-C5EF-4652-B4ED-E281BC21BABF}"
EndProject
Global
	GlobalSection(SolutionConfigurationPlatforms) = preSolution
		Debug|Any CPU = Debug|Any CPU
		Release|Any CPU = Release|Any CPU
	EndGlobalSection
	GlobalSection(ProjectConfigurationPlatforms) = postSolution
		{13A18C6D-C5EF-4652-B4ED-E281BC21BABF}.Debug|Any CPU.ActiveCfg = Debug|Any CPU
		{13A18C6D-C5EF-4652-B4ED-E281BC21BABF}.Debug|Any CPU.Build.0 = Debug|Any CPU
		{13A18C6D-C5EF-4652-B4ED-E281BC21BABF}.Release|Any CPU.ActiveCfg = Release|Any CPU
		{13A18C6D-C5EF-4652-B4ED-E281BC21BABF}.Release|Any CPU.Build.0 = Release|Any CPU
	EndGlobalSection
	GlobalSection(SolutionProperties) = preSolution
		HideSolutionNode = FALSE
	EndGlobalSection
	GlobalSection(ExtensibilityGlobals) = postSolution
		SolutionGuid = {8AAFFEFF-DCB3-48CB-B716-26F88DA06D9E}
	EndGlobalSection
EndGlobal
